
Microsoft Visual Studio Solution File, Format Version 12.00
# Visual Studio Version 16
VisualStudioVersion = 16.0.29920.165
MinimumVisualStudioVersion = 15.0.26124.0
Project("{2150E333-8FDC-42A3-9474-1A3956D46DE8}") = "src", "src", "{87F6C079-CBD7-4866-BDEB-CBDEA9E51D2A}"
EndProject
Project("{6EC3EE1D-3C4E-46DD-8F32-0CC8E7565705}") = "RecycleBin.Notes", "src\RecycleBin.Notes\RecycleBin.Notes.fsproj", "{759E1A3C-6392-4328-A2A7-7AFC7C5E4111}"
EndProject
Project("{2150E333-8FDC-42A3-9474-1A3956D46DE8}") = "etc", "etc", "{ABFB9D77-B49A-42CE-9ACE-DA54E8AC5871}"
	ProjectSection(SolutionItems) = preProject
		.editorconfig = .editorconfig
		.gitignore = .gitignore
		LICENSE = LICENSE
		README.md = README.md
	EndProjectSection
EndProject
Project("{2150E333-8FDC-42A3-9474-1A3956D46DE8}") = "workflows", "workflows", "{EB2CB303-C8D1-4712-9755-396A4DEBA996}"
	ProjectSection(SolutionItems) = preProject
		.github\workflows\build.yml = .github\workflows\build.yml
	EndProjectSection
EndProject
Global
	GlobalSection(SolutionConfigurationPlatforms) = preSolution
		Debug|Any CPU = Debug|Any CPU
		Debug|x64 = Debug|x64
		Debug|x86 = Debug|x86
		Release|Any CPU = Release|Any CPU
		Release|x64 = Release|x64
		Release|x86 = Release|x86
	EndGlobalSection
	GlobalSection(ProjectConfigurationPlatforms) = postSolution
		{759E1A3C-6392-4328-A2A7-7AFC7C5E4111}.Debug|Any CPU.ActiveCfg = Debug|Any CPU
		{759E1A3C-6392-4328-A2A7-7AFC7C5E4111}.Debug|Any CPU.Build.0 = Debug|Any CPU
		{759E1A3C-6392-4328-A2A7-7AFC7C5E4111}.Debug|x64.ActiveCfg = Debug|Any CPU
		{759E1A3C-6392-4328-A2A7-7AFC7C5E4111}.Debug|x64.Build.0 = Debug|Any CPU
		{759E1A3C-6392-4328-A2A7-7AFC7C5E4111}.Debug|x86.ActiveCfg = Debug|Any CPU
		{759E1A3C-6392-4328-A2A7-7AFC7C5E4111}.Debug|x86.Build.0 = Debug|Any CPU
		{759E1A3C-6392-4328-A2A7-7AFC7C5E4111}.Release|Any CPU.ActiveCfg = Release|Any CPU
		{759E1A3C-6392-4328-A2A7-7AFC7C5E4111}.Release|Any CPU.Build.0 = Release|Any CPU
		{759E1A3C-6392-4328-A2A7-7AFC7C5E4111}.Release|x64.ActiveCfg = Release|Any CPU
		{759E1A3C-6392-4328-A2A7-7AFC7C5E4111}.Release|x64.Build.0 = Release|Any CPU
		{759E1A3C-6392-4328-A2A7-7AFC7C5E4111}.Release|x86.ActiveCfg = Release|Any CPU
		{759E1A3C-6392-4328-A2A7-7AFC7C5E4111}.Release|x86.Build.0 = Release|Any CPU
	EndGlobalSection
	GlobalSection(SolutionProperties) = preSolution
		HideSolutionNode = FALSE
	EndGlobalSection
	GlobalSection(NestedProjects) = preSolution
		{759E1A3C-6392-4328-A2A7-7AFC7C5E4111} = {87F6C079-CBD7-4866-BDEB-CBDEA9E51D2A}
	EndGlobalSection
	GlobalSection(ExtensibilityGlobals) = postSolution
		SolutionGuid = {8CFD6033-FB8D-48BE-9628-9D83DC023CAB}
	EndGlobalSection
EndGlobal
